// !$*UTF8*$!
{
	archiveVersion = 1;
	classes = {
	};
	objectVersion = 46;
	objects = {

/* Begin PBXBuildFile section */
		5D005DBF1A6F831900D66B79 /* PinViewController.swift in Sources */ = {isa = PBXBuildFile; fileRef = 5D005DBE1A6F831900D66B79 /* PinViewController.swift */; };
		5D1EDDD31A76FA9E005A92B3 /* DashboardViewController.swift in Sources */ = {isa = PBXBuildFile; fileRef = 5D1EDDD21A76FA9E005A92B3 /* DashboardViewController.swift */; };
		5D1EDDD81A79A786005A92B3 /* DashboardCell.swift in Sources */ = {isa = PBXBuildFile; fileRef = 5D1EDDD71A79A786005A92B3 /* DashboardCell.swift */; };
		5D1EDDDA1A79C74B005A92B3 /* Metrics.swift in Sources */ = {isa = PBXBuildFile; fileRef = 5D1EDDD91A79C74B005A92B3 /* Metrics.swift */; };
		6EBC23311A78CC1E0043C743 /* CustomCell.swift in Sources */ = {isa = PBXBuildFile; fileRef = 6EBC23301A78CC1E0043C743 /* CustomCell.swift */; };
		6EBC23331A78D4040043C743 /* Employees.swift in Sources */ = {isa = PBXBuildFile; fileRef = 6EBC23321A78D4040043C743 /* Employees.swift */; };
		6EBC23361A7900D40043C743 /* ConnectionDetector.swift in Sources */ = {isa = PBXBuildFile; fileRef = 6EBC23351A7900D40043C743 /* ConnectionDetector.swift */; };
		6EBC23381A7901200043C743 /* JSONParser.swift in Sources */ = {isa = PBXBuildFile; fileRef = 6EBC23371A7901200043C743 /* JSONParser.swift */; };
		E707D9E51A653BE5000D75FE /* LoginViewController.swift in Sources */ = {isa = PBXBuildFile; fileRef = E707D9E41A653BE5000D75FE /* LoginViewController.swift */; };
		E72728631A5F879A00D92301 /* AppDelegate.swift in Sources */ = {isa = PBXBuildFile; fileRef = E72728621A5F879A00D92301 /* AppDelegate.swift */; };
		E72728681A5F879B00D92301 /* Main.storyboard in Resources */ = {isa = PBXBuildFile; fileRef = E72728661A5F879B00D92301 /* Main.storyboard */; };
		E727286A1A5F879B00D92301 /* Images.xcassets in Resources */ = {isa = PBXBuildFile; fileRef = E72728691A5F879B00D92301 /* Images.xcassets */; };
		E727286D1A5F879B00D92301 /* LaunchScreen.xib in Resources */ = {isa = PBXBuildFile; fileRef = E727286B1A5F879B00D92301 /* LaunchScreen.xib */; };
		E72728791A5F879B00D92301 /* CloudstaffTeamManagerTests.swift in Sources */ = {isa = PBXBuildFile; fileRef = E72728781A5F879B00D92301 /* CloudstaffTeamManagerTests.swift */; };
		E72B9E461A619C450083BE2A /* SideBar.swift in Sources */ = {isa = PBXBuildFile; fileRef = E72B9E441A619C450083BE2A /* SideBar.swift */; };
		E72B9E471A619C450083BE2A /* SideBarTableViewController.swift in Sources */ = {isa = PBXBuildFile; fileRef = E72B9E451A619C450083BE2A /* SideBarTableViewController.swift */; };
		E7494F8F1A64A6E800ED2853 /* icon_refresh.png in Resources */ = {isa = PBXBuildFile; fileRef = E7494F8E1A64A6E800ED2853 /* icon_refresh.png */; };
		E7494F911A64A76900ED2853 /* icon_menu.png in Resources */ = {isa = PBXBuildFile; fileRef = E7494F901A64A76900ED2853 /* icon_menu.png */; };
/* End PBXBuildFile section */

/* Begin PBXContainerItemProxy section */
		E72728731A5F879B00D92301 /* PBXContainerItemProxy */ = {
			isa = PBXContainerItemProxy;
			containerPortal = E72728551A5F879900D92301 /* Project object */;
			proxyType = 1;
			remoteGlobalIDString = E727285C1A5F879900D92301;
			remoteInfo = CloudstaffTeamManager;
		};
/* End PBXContainerItemProxy section */

/* Begin PBXFileReference section */
		5D005DBE1A6F831900D66B79 /* PinViewController.swift */ = {isa = PBXFileReference; fileEncoding = 4; lastKnownFileType = sourcecode.swift; path = PinViewController.swift; sourceTree = "<group>"; };
		5D1EDDD21A76FA9E005A92B3 /* DashboardViewController.swift */ = {isa = PBXFileReference; fileEncoding = 4; lastKnownFileType = sourcecode.swift; path = DashboardViewController.swift; sourceTree = "<group>"; };
		5D1EDDD71A79A786005A92B3 /* DashboardCell.swift */ = {isa = PBXFileReference; fileEncoding = 4; lastKnownFileType = sourcecode.swift; path = DashboardCell.swift; sourceTree = "<group>"; };
		5D1EDDD91A79C74B005A92B3 /* Metrics.swift */ = {isa = PBXFileReference; fileEncoding = 4; lastKnownFileType = sourcecode.swift; path = Metrics.swift; sourceTree = "<group>"; };
		6EBC23301A78CC1E0043C743 /* CustomCell.swift */ = {isa = PBXFileReference; fileEncoding = 4; lastKnownFileType = sourcecode.swift; path = CustomCell.swift; sourceTree = "<group>"; };
		6EBC23321A78D4040043C743 /* Employees.swift */ = {isa = PBXFileReference; fileEncoding = 4; lastKnownFileType = sourcecode.swift; path = Employees.swift; sourceTree = "<group>"; };
		6EBC23351A7900D40043C743 /* ConnectionDetector.swift */ = {isa = PBXFileReference; fileEncoding = 4; lastKnownFileType = sourcecode.swift; path = ConnectionDetector.swift; sourceTree = "<group>"; };
		6EBC23371A7901200043C743 /* JSONParser.swift */ = {isa = PBXFileReference; fileEncoding = 4; lastKnownFileType = sourcecode.swift; path = JSONParser.swift; sourceTree = "<group>"; };
		E707D9E41A653BE5000D75FE /* LoginViewController.swift */ = {isa = PBXFileReference; fileEncoding = 4; lastKnownFileType = sourcecode.swift; path = LoginViewController.swift; sourceTree = "<group>"; };
		E727285D1A5F879900D92301 /* CloudstaffTeamManager.app */ = {isa = PBXFileReference; explicitFileType = wrapper.application; includeInIndex = 0; path = CloudstaffTeamManager.app; sourceTree = BUILT_PRODUCTS_DIR; };
		E72728611A5F879A00D92301 /* Info.plist */ = {isa = PBXFileReference; lastKnownFileType = text.plist.xml; path = Info.plist; sourceTree = "<group>"; };
		E72728621A5F879A00D92301 /* AppDelegate.swift */ = {isa = PBXFileReference; lastKnownFileType = sourcecode.swift; path = AppDelegate.swift; sourceTree = "<group>"; };
		E72728671A5F879B00D92301 /* Base */ = {isa = PBXFileReference; lastKnownFileType = file.storyboard; name = Base; path = Base.lproj/Main.storyboard; sourceTree = "<group>"; };
		E72728691A5F879B00D92301 /* Images.xcassets */ = {isa = PBXFileReference; lastKnownFileType = folder.assetcatalog; path = Images.xcassets; sourceTree = "<group>"; };
		E727286C1A5F879B00D92301 /* Base */ = {isa = PBXFileReference; lastKnownFileType = file.xib; name = Base; path = Base.lproj/LaunchScreen.xib; sourceTree = "<group>"; };
		E72728721A5F879B00D92301 /* CloudstaffTeamManagerTests.xctest */ = {isa = PBXFileReference; explicitFileType = wrapper.cfbundle; includeInIndex = 0; path = CloudstaffTeamManagerTests.xctest; sourceTree = BUILT_PRODUCTS_DIR; };
		E72728771A5F879B00D92301 /* Info.plist */ = {isa = PBXFileReference; lastKnownFileType = text.plist.xml; path = Info.plist; sourceTree = "<group>"; };
		E72728781A5F879B00D92301 /* CloudstaffTeamManagerTests.swift */ = {isa = PBXFileReference; lastKnownFileType = sourcecode.swift; path = CloudstaffTeamManagerTests.swift; sourceTree = "<group>"; };
		E72B9E441A619C450083BE2A /* SideBar.swift */ = {isa = PBXFileReference; fileEncoding = 4; lastKnownFileType = sourcecode.swift; name = SideBar.swift; path = SidebarLibrary/SideBar.swift; sourceTree = "<group>"; };
		E72B9E451A619C450083BE2A /* SideBarTableViewController.swift */ = {isa = PBXFileReference; fileEncoding = 4; lastKnownFileType = sourcecode.swift; name = SideBarTableViewController.swift; path = SidebarLibrary/SideBarTableViewController.swift; sourceTree = "<group>"; };
		E7494F8E1A64A6E800ED2853 /* icon_refresh.png */ = {isa = PBXFileReference; lastKnownFileType = image.png; name = icon_refresh.png; path = images/icon_refresh.png; sourceTree = "<group>"; };
		E7494F901A64A76900ED2853 /* icon_menu.png */ = {isa = PBXFileReference; lastKnownFileType = image.png; name = icon_menu.png; path = images/icon_menu.png; sourceTree = "<group>"; };
/* End PBXFileReference section */

/* Begin PBXFrameworksBuildPhase section */
		E727285A1A5F879900D92301 /* Frameworks */ = {
			isa = PBXFrameworksBuildPhase;
			buildActionMask = 2147483647;
			files = (
			);
			runOnlyForDeploymentPostprocessing = 0;
		};
		E727286F1A5F879B00D92301 /* Frameworks */ = {
			isa = PBXFrameworksBuildPhase;
			buildActionMask = 2147483647;
			files = (
			);
			runOnlyForDeploymentPostprocessing = 0;
		};
/* End PBXFrameworksBuildPhase section */

/* Begin PBXGroup section */
		5D1EDDD61A79A5D3005A92B3 /* Dashboard */ = {
			isa = PBXGroup;
			children = (
				5D1EDDD71A79A786005A92B3 /* DashboardCell.swift */,
				5D1EDDD91A79C74B005A92B3 /* Metrics.swift */,
			);
			name = Dashboard;
			sourceTree = "<group>";
		};
		6EBC23341A78D4140043C743 /* TableItems */ = {
			isa = PBXGroup;
			children = (
				6EBC23301A78CC1E0043C743 /* CustomCell.swift */,
				6EBC23321A78D4040043C743 /* Employees.swift */,
			);
			name = TableItems;
			sourceTree = "<group>";
		};
		6EBC23391A7903890043C743 /* HTTPFunctions */ = {
			isa = PBXGroup;
			children = (
				6EBC23351A7900D40043C743 /* ConnectionDetector.swift */,
				6EBC23371A7901200043C743 /* JSONParser.swift */,
			);
			name = HTTPFunctions;
			sourceTree = "<group>";
		};
		E72728541A5F879900D92301 = {
			isa = PBXGroup;
			children = (
				E727285F1A5F879900D92301 /* CloudstaffTeamManager */,
				E72728751A5F879B00D92301 /* CloudstaffTeamManagerTests */,
				E727285E1A5F879900D92301 /* Products */,
			);
			sourceTree = "<group>";
		};
		E727285E1A5F879900D92301 /* Products */ = {
			isa = PBXGroup;
			children = (
				E727285D1A5F879900D92301 /* CloudstaffTeamManager.app */,
				E72728721A5F879B00D92301 /* CloudstaffTeamManagerTests.xctest */,
			);
			name = Products;
			sourceTree = "<group>";
		};
		E727285F1A5F879900D92301 /* CloudstaffTeamManager */ = {
			isa = PBXGroup;
			children = (
				5D1EDDD61A79A5D3005A92B3 /* Dashboard */,
				E72728621A5F879A00D92301 /* AppDelegate.swift */,
				5D1EDDD21A76FA9E005A92B3 /* DashboardViewController.swift */,
				E707D9E41A653BE5000D75FE /* LoginViewController.swift */,
				5D005DBE1A6F831900D66B79 /* PinViewController.swift */,
				6EBC23391A7903890043C743 /* HTTPFunctions */,
				6EBC23341A78D4140043C743 /* TableItems */,
				E72B9E481A619C4C0083BE2A /* Sidebar */,
				E72728661A5F879B00D92301 /* Main.storyboard */,
				E72728691A5F879B00D92301 /* Images.xcassets */,
				E727286B1A5F879B00D92301 /* LaunchScreen.xib */,
				E72B9E431A619AF60083BE2A /* images */,
				E72728601A5F879A00D92301 /* Supporting Files */,
			);
			path = CloudstaffTeamManager;
			sourceTree = "<group>";
		};
		E72728601A5F879A00D92301 /* Supporting Files */ = {
			isa = PBXGroup;
			children = (
				E72728611A5F879A00D92301 /* Info.plist */,
			);
			name = "Supporting Files";
			sourceTree = "<group>";
		};
		E72728751A5F879B00D92301 /* CloudstaffTeamManagerTests */ = {
			isa = PBXGroup;
			children = (
				E72728781A5F879B00D92301 /* CloudstaffTeamManagerTests.swift */,
				E72728761A5F879B00D92301 /* Supporting Files */,
			);
			path = CloudstaffTeamManagerTests;
			sourceTree = "<group>";
		};
		E72728761A5F879B00D92301 /* Supporting Files */ = {
			isa = PBXGroup;
			children = (
				E72728771A5F879B00D92301 /* Info.plist */,
			);
			name = "Supporting Files";
			sourceTree = "<group>";
		};
		E72B9E431A619AF60083BE2A /* images */ = {
			isa = PBXGroup;
			children = (
				E7494F901A64A76900ED2853 /* icon_menu.png */,
				E7494F8E1A64A6E800ED2853 /* icon_refresh.png */,
			);
			name = images;
			sourceTree = "<group>";
		};
		E72B9E481A619C4C0083BE2A /* Sidebar */ = {
			isa = PBXGroup;
			children = (
				E72B9E441A619C450083BE2A /* SideBar.swift */,
				E72B9E451A619C450083BE2A /* SideBarTableViewController.swift */,
			);
			name = Sidebar;
			sourceTree = "<group>";
		};
/* End PBXGroup section */

/* Begin PBXNativeTarget section */
		E727285C1A5F879900D92301 /* CloudstaffTeamManager */ = {
			isa = PBXNativeTarget;
			buildConfigurationList = E727287C1A5F879B00D92301 /* Build configuration list for PBXNativeTarget "CloudstaffTeamManager" */;
			buildPhases = (
				E72728591A5F879900D92301 /* Sources */,
				E727285A1A5F879900D92301 /* Frameworks */,
				E727285B1A5F879900D92301 /* Resources */,
			);
			buildRules = (
			);
			dependencies = (
			);
			name = CloudstaffTeamManager;
			productName = CloudstaffTeamManager;
			productReference = E727285D1A5F879900D92301 /* CloudstaffTeamManager.app */;
			productType = "com.apple.product-type.application";
		};
		E72728711A5F879B00D92301 /* CloudstaffTeamManagerTests */ = {
			isa = PBXNativeTarget;
			buildConfigurationList = E727287F1A5F879B00D92301 /* Build configuration list for PBXNativeTarget "CloudstaffTeamManagerTests" */;
			buildPhases = (
				E727286E1A5F879B00D92301 /* Sources */,
				E727286F1A5F879B00D92301 /* Frameworks */,
				E72728701A5F879B00D92301 /* Resources */,
			);
			buildRules = (
			);
			dependencies = (
				E72728741A5F879B00D92301 /* PBXTargetDependency */,
			);
			name = CloudstaffTeamManagerTests;
			productName = CloudstaffTeamManagerTests;
			productReference = E72728721A5F879B00D92301 /* CloudstaffTeamManagerTests.xctest */;
			productType = "com.apple.product-type.bundle.unit-test";
		};
/* End PBXNativeTarget section */

/* Begin PBXProject section */
		E72728551A5F879900D92301 /* Project object */ = {
			isa = PBXProject;
			attributes = {
				LastUpgradeCheck = 0610;
				ORGANIZATIONNAME = CLOUDSTAFF;
				TargetAttributes = {
					E727285C1A5F879900D92301 = {
						CreatedOnToolsVersion = 6.1.1;
						DevelopmentTeam = 826GYCV8FQ;
					};
					E72728711A5F879B00D92301 = {
						CreatedOnToolsVersion = 6.1.1;
						TestTargetID = E727285C1A5F879900D92301;
					};
				};
			};
			buildConfigurationList = E72728581A5F879900D92301 /* Build configuration list for PBXProject "CloudstaffTeamManager" */;
			compatibilityVersion = "Xcode 3.2";
			developmentRegion = English;
			hasScannedForEncodings = 0;
			knownRegions = (
				en,
				Base,
			);
			mainGroup = E72728541A5F879900D92301;
			productRefGroup = E727285E1A5F879900D92301 /* Products */;
			projectDirPath = "";
			projectRoot = "";
			targets = (
				E727285C1A5F879900D92301 /* CloudstaffTeamManager */,
				E72728711A5F879B00D92301 /* CloudstaffTeamManagerTests */,
			);
		};
/* End PBXProject section */

/* Begin PBXResourcesBuildPhase section */
		E727285B1A5F879900D92301 /* Resources */ = {
			isa = PBXResourcesBuildPhase;
			buildActionMask = 2147483647;
			files = (
				E72728681A5F879B00D92301 /* Main.storyboard in Resources */,
				E727286D1A5F879B00D92301 /* LaunchScreen.xib in Resources */,
				E7494F911A64A76900ED2853 /* icon_menu.png in Resources */,
				E7494F8F1A64A6E800ED2853 /* icon_refresh.png in Resources */,
				E727286A1A5F879B00D92301 /* Images.xcassets in Resources */,
			);
			runOnlyForDeploymentPostprocessing = 0;
		};
		E72728701A5F879B00D92301 /* Resources */ = {
			isa = PBXResourcesBuildPhase;
			buildActionMask = 2147483647;
			files = (
			);
			runOnlyForDeploymentPostprocessing = 0;
		};
/* End PBXResourcesBuildPhase section */

/* Begin PBXSourcesBuildPhase section */
		E72728591A5F879900D92301 /* Sources */ = {
			isa = PBXSourcesBuildPhase;
			buildActionMask = 2147483647;
			files = (
				5D005DBF1A6F831900D66B79 /* PinViewController.swift in Sources */,
				5D1EDDD31A76FA9E005A92B3 /* DashboardViewController.swift in Sources */,
				E707D9E51A653BE5000D75FE /* LoginViewController.swift in Sources */,
				E72B9E471A619C450083BE2A /* SideBarTableViewController.swift in Sources */,
				E72B9E461A619C450083BE2A /* SideBar.swift in Sources */,
				6EBC23361A7900D40043C743 /* ConnectionDetector.swift in Sources */,
				5D1EDDD81A79A786005A92B3 /* DashboardCell.swift in Sources */,
				5D1EDDDA1A79C74B005A92B3 /* Metrics.swift in Sources */,
				6EBC23381A7901200043C743 /* JSONParser.swift in Sources */,
				6EBC23331A78D4040043C743 /* Employees.swift in Sources */,
				6EBC23311A78CC1E0043C743 /* CustomCell.swift in Sources */,
				E72728631A5F879A00D92301 /* AppDelegate.swift in Sources */,
			);
			runOnlyForDeploymentPostprocessing = 0;
		};
		E727286E1A5F879B00D92301 /* Sources */ = {
			isa = PBXSourcesBuildPhase;
			buildActionMask = 2147483647;
			files = (
				E72728791A5F879B00D92301 /* CloudstaffTeamManagerTests.swift in Sources */,
			);
			runOnlyForDeploymentPostprocessing = 0;
		};
/* End PBXSourcesBuildPhase section */

/* Begin PBXTargetDependency section */
		E72728741A5F879B00D92301 /* PBXTargetDependency */ = {
			isa = PBXTargetDependency;
			target = E727285C1A5F879900D92301 /* CloudstaffTeamManager */;
			targetProxy = E72728731A5F879B00D92301 /* PBXContainerItemProxy */;
		};
/* End PBXTargetDependency section */

/* Begin PBXVariantGroup section */
		E72728661A5F879B00D92301 /* Main.storyboard */ = {
			isa = PBXVariantGroup;
			children = (
				E72728671A5F879B00D92301 /* Base */,
			);
			name = Main.storyboard;
			sourceTree = "<group>";
		};
		E727286B1A5F879B00D92301 /* LaunchScreen.xib */ = {
			isa = PBXVariantGroup;
			children = (
				E727286C1A5F879B00D92301 /* Base */,
			);
			name = LaunchScreen.xib;
			sourceTree = "<group>";
		};
/* End PBXVariantGroup section */

/* Begin XCBuildConfiguration section */
		E727287A1A5F879B00D92301 /* Debug */ = {
			isa = XCBuildConfiguration;
			buildSettings = {
				ALWAYS_SEARCH_USER_PATHS = NO;
				CLANG_CXX_LANGUAGE_STANDARD = "gnu++0x";
				CLANG_CXX_LIBRARY = "libc++";
				CLANG_ENABLE_MODULES = YES;
				CLANG_ENABLE_OBJC_ARC = YES;
				CLANG_WARN_BOOL_CONVERSION = YES;
				CLANG_WARN_CONSTANT_CONVERSION = YES;
				CLANG_WARN_DIRECT_OBJC_ISA_USAGE = YES_ERROR;
				CLANG_WARN_EMPTY_BODY = YES;
				CLANG_WARN_ENUM_CONVERSION = YES;
				CLANG_WARN_INT_CONVERSION = YES;
				CLANG_WARN_OBJC_ROOT_CLASS = YES_ERROR;
				CLANG_WARN_UNREACHABLE_CODE = YES;
				CLANG_WARN__DUPLICATE_METHOD_MATCH = YES;
				CODE_SIGN_IDENTITY = "iPhone Developer";
				"CODE_SIGN_IDENTITY[sdk=iphoneos*]" = "iPhone Developer";
				COPY_PHASE_STRIP = NO;
				ENABLE_STRICT_OBJC_MSGSEND = YES;
				GCC_C_LANGUAGE_STANDARD = gnu99;
				GCC_DYNAMIC_NO_PIC = NO;
				GCC_OPTIMIZATION_LEVEL = 0;
				GCC_PREPROCESSOR_DEFINITIONS = (
					"DEBUG=1",
					"$(inherited)",
				);
				GCC_SYMBOLS_PRIVATE_EXTERN = NO;
				GCC_WARN_64_TO_32_BIT_CONVERSION = YES;
				GCC_WARN_ABOUT_RETURN_TYPE = YES_ERROR;
				GCC_WARN_UNDECLARED_SELECTOR = YES;
				GCC_WARN_UNINITIALIZED_AUTOS = YES_AGGRESSIVE;
				GCC_WARN_UNUSED_FUNCTION = YES;
				GCC_WARN_UNUSED_VARIABLE = YES;
				IPHONEOS_DEPLOYMENT_TARGET = 8.1;
				MTL_ENABLE_DEBUG_INFO = YES;
				ONLY_ACTIVE_ARCH = YES;
				SDKROOT = iphoneos;
				SWIFT_OPTIMIZATION_LEVEL = "-Onone";
				TARGETED_DEVICE_FAMILY = "1,2";
			};
			name = Debug;
		};
		E727287B1A5F879B00D92301 /* Release */ = {
			isa = XCBuildConfiguration;
			buildSettings = {
				ALWAYS_SEARCH_USER_PATHS = NO;
				CLANG_CXX_LANGUAGE_STANDARD = "gnu++0x";
				CLANG_CXX_LIBRARY = "libc++";
				CLANG_ENABLE_MODULES = YES;
				CLANG_ENABLE_OBJC_ARC = YES;
				CLANG_WARN_BOOL_CONVERSION = YES;
				CLANG_WARN_CONSTANT_CONVERSION = YES;
				CLANG_WARN_DIRECT_OBJC_ISA_USAGE = YES_ERROR;
				CLANG_WARN_EMPTY_BODY = YES;
				CLANG_WARN_ENUM_CONVERSION = YES;
				CLANG_WARN_INT_CONVERSION = YES;
				CLANG_WARN_OBJC_ROOT_CLASS = YES_ERROR;
				CLANG_WARN_UNREACHABLE_CODE = YES;
				CLANG_WARN__DUPLICATE_METHOD_MATCH = YES;
				"CODE_SIGN_IDENTITY[sdk=iphoneos*]" = "iPhone Developer";
				COPY_PHASE_STRIP = YES;
				ENABLE_NS_ASSERTIONS = NO;
				ENABLE_STRICT_OBJC_MSGSEND = YES;
				GCC_C_LANGUAGE_STANDARD = gnu99;
				GCC_WARN_64_TO_32_BIT_CONVERSION = YES;
				GCC_WARN_ABOUT_RETURN_TYPE = YES_ERROR;
				GCC_WARN_UNDECLARED_SELECTOR = YES;
				GCC_WARN_UNINITIALIZED_AUTOS = YES_AGGRESSIVE;
				GCC_WARN_UNUSED_FUNCTION = YES;
				GCC_WARN_UNUSED_VARIABLE = YES;
				IPHONEOS_DEPLOYMENT_TARGET = 8.1;
				MTL_ENABLE_DEBUG_INFO = NO;
				SDKROOT = iphoneos;
				TARGETED_DEVICE_FAMILY = "1,2";
				VALIDATE_PRODUCT = YES;
			};
			name = Release;
		};
		E727287D1A5F879B00D92301 /* Debug */ = {
			isa = XCBuildConfiguration;
			buildSettings = {
				ASSETCATALOG_COMPILER_APPICON_NAME = AppIcon;
				CODE_SIGN_IDENTITY = "iPhone Developer";
				INFOPLIST_FILE = CloudstaffTeamManager/Info.plist;
				IPHONEOS_DEPLOYMENT_TARGET = 8.1;
				LD_RUNPATH_SEARCH_PATHS = "$(inherited) @executable_path/Frameworks";
				PRODUCT_NAME = "$(TARGET_NAME)";
			};
			name = Debug;
		};
		E727287E1A5F879B00D92301 /* Release */ = {
			isa = XCBuildConfiguration;
			buildSettings = {
				ASSETCATALOG_COMPILER_APPICON_NAME = AppIcon;
				CODE_SIGN_IDENTITY = "iPhone Developer";
				INFOPLIST_FILE = CloudstaffTeamManager/Info.plist;
				IPHONEOS_DEPLOYMENT_TARGET = 8.1;
				LD_RUNPATH_SEARCH_PATHS = "$(inherited) @executable_path/Frameworks";
				PRODUCT_NAME = "$(TARGET_NAME)";
			};
			name = Release;
		};
		E72728801A5F879B00D92301 /* Debug */ = {
			isa = XCBuildConfiguration;
			buildSettings = {
				BUNDLE_LOADER = "$(TEST_HOST)";
				FRAMEWORK_SEARCH_PATHS = (
					"$(SDKROOT)/Developer/Library/Frameworks",
					"$(inherited)",
				);
				GCC_PREPROCESSOR_DEFINITIONS = (
					"DEBUG=1",
					"$(inherited)",
				);
				INFOPLIST_FILE = CloudstaffTeamManagerTests/Info.plist;
				LD_RUNPATH_SEARCH_PATHS = "$(inherited) @executable_path/Frameworks @loader_path/Frameworks";
				PRODUCT_NAME = "$(TARGET_NAME)";
				TEST_HOST = "$(BUILT_PRODUCTS_DIR)/CloudstaffTeamManager.app/CloudstaffTeamManager";
			};
			name = Debug;
		};
		E72728811A5F879B00D92301 /* Release */ = {
			isa = XCBuildConfiguration;
			buildSettings = {
				BUNDLE_LOADER = "$(TEST_HOST)";
				FRAMEWORK_SEARCH_PATHS = (
					"$(SDKROOT)/Developer/Library/Frameworks",
					"$(inherited)",
				);
				INFOPLIST_FILE = CloudstaffTeamManagerTests/Info.plist;
				LD_RUNPATH_SEARCH_PATHS = "$(inherited) @executable_path/Frameworks @loader_path/Frameworks";
				PRODUCT_NAME = "$(TARGET_NAME)";
				TEST_HOST = "$(BUILT_PRODUCTS_DIR)/CloudstaffTeamManager.app/CloudstaffTeamManager";
			};
			name = Release;
		};
/* End XCBuildConfiguration section */

/* Begin XCConfigurationList section */
		E72728581A5F879900D92301 /* Build configuration list for PBXProject "CloudstaffTeamManager" */ = {
			isa = XCConfigurationList;
			buildConfigurations = (
				E727287A1A5F879B00D92301 /* Debug */,
				E727287B1A5F879B00D92301 /* Release */,
			);
			defaultConfigurationIsVisible = 0;
			defaultConfigurationName = Release;
		};
		E727287C1A5F879B00D92301 /* Build configuration list for PBXNativeTarget "CloudstaffTeamManager" */ = {
			isa = XCConfigurationList;
			buildConfigurations = (
				E727287D1A5F879B00D92301 /* Debug */,
				E727287E1A5F879B00D92301 /* Release */,
			);
			defaultConfigurationIsVisible = 0;
			defaultConfigurationName = Release;
		};
		E727287F1A5F879B00D92301 /* Build configuration list for PBXNativeTarget "CloudstaffTeamManagerTests" */ = {
			isa = XCConfigurationList;
			buildConfigurations = (
				E72728801A5F879B00D92301 /* Debug */,
				E72728811A5F879B00D92301 /* Release */,
			);
			defaultConfigurationIsVisible = 0;
			defaultConfigurationName = Release;
		};
/* End XCConfigurationList section */
	};
	rootObject = E72728551A5F879900D92301 /* Project object */;
}
